
Microsoft Visual Studio Solution File, Format Version 12.00
# Visual Studio Version 16
VisualStudioVersion = 16.0.30907.101
MinimumVisualStudioVersion = 10.0.40219.1
Project("{FAE04EC0-301F-11D3-BF4B-00C04F79EFBC}") = "Security Lab", "Security Lab\Security Lab.csproj", "{86490736-3F7C-4737-8B23-A90DD4A3D02A}"
EndProject
Global
	GlobalSection(SolutionConfigurationPlatforms) = preSolution
		Debug|Any CPU = Debug|Any CPU
		Release|Any CPU = Release|Any CPU
	EndGlobalSection
	GlobalSection(ProjectConfigurationPlatforms) = postSolution
		{86490736-3F7C-4737-8B23-A90DD4A3D02A}.Debug|Any CPU.ActiveCfg = Debug|Any CPU
		{86490736-3F7C-4737-8B23-A90DD4A3D02A}.Debug|Any CPU.Build.0 = Debug|Any CPU
		{86490736-3F7C-4737-8B23-A90DD4A3D02A}.Release|Any CPU.ActiveCfg = Release|Any CPU
		{86490736-3F7C-4737-8B23-A90DD4A3D02A}.Release|Any CPU.Build.0 = Release|Any CPU
	EndGlobalSection
	GlobalSection(SolutionProperties) = preSolution
		HideSolutionNode = FALSE
	EndGlobalSection
	GlobalSection(ExtensibilityGlobals) = postSolution
		SolutionGuid = {D172BC0D-6F31-40A7-A59E-EB388DD155E6}
	EndGlobalSection
EndGlobal
